
Microsoft Visual Studio Solution File, Format Version 12.00
# Visual Studio 15
VisualStudioVersion = 15.0.27130.2010
MinimumVisualStudioVersion = 10.0.40219.1
Project("{FAE04EC0-301F-11D3-BF4B-00C04F79EFBC}") = "Metro Skin Installer", "Metro Skin Installer\Metro Skin Installer.csproj", "{AA33878D-E492-471A-8E4F-C36DF064EC32}"
EndProject
Global
	GlobalSection(SolutionConfigurationPlatforms) = preSolution
		Debug|Any CPU = Debug|Any CPU
		Release|Any CPU = Release|Any CPU
	EndGlobalSection
	GlobalSection(ProjectConfigurationPlatforms) = postSolution
		{AA33878D-E492-471A-8E4F-C36DF064EC32}.Debug|Any CPU.ActiveCfg = Debug|Any CPU
		{AA33878D-E492-471A-8E4F-C36DF064EC32}.Debug|Any CPU.Build.0 = Debug|Any CPU
		{AA33878D-E492-471A-8E4F-C36DF064EC32}.Release|Any CPU.ActiveCfg = Release|Any CPU
		{AA33878D-E492-471A-8E4F-C36DF064EC32}.Release|Any CPU.Build.0 = Release|Any CPU
	EndGlobalSection
	GlobalSection(SolutionProperties) = preSolution
		HideSolutionNode = FALSE
	EndGlobalSection
	GlobalSection(ExtensibilityGlobals) = postSolution
		SolutionGuid = {C6F586B6-5C4D-43AF-9FAA-0B5C497208DD}
	EndGlobalSection
EndGlobal
